
Microsoft Visual Studio Solution File, Format Version 12.00
# Visual Studio Version 16
VisualStudioVersion = 16.0.30804.86
MinimumVisualStudioVersion = 10.0.40219.1
Project("{9A19103F-16F7-4668-BE54-9A1E7A4F7556}") = "DataAccess", "DataAccess\DataAccess.csproj", "{05650FC7-D1B3-4F4D-ABEE-CB01A8226FF7}"
EndProject
Project("{9A19103F-16F7-4668-BE54-9A1E7A4F7556}") = "Business", "Business\Business.csproj", "{B3EA0B1D-3C97-49B0-9EFA-42F1140C31CE}"
EndProject
Project("{9A19103F-16F7-4668-BE54-9A1E7A4F7556}") = "Entities", "Entities\Entities.csproj", "{F118AA63-FFB8-47EB-B66B-8A4F36E8B274}"
EndProject
Project("{9A19103F-16F7-4668-BE54-9A1E7A4F7556}") = "ConsoleUI", "ConsoleUI\ConsoleUI.csproj", "{5134C0A5-D8AD-4FA2-84B9-62DB9E2864F0}"
EndProject
Project("{9A19103F-16F7-4668-BE54-9A1E7A4F7556}") = "Core", "Core\Core.csproj", "{0A4969F7-6FC5-4015-B223-EA293355B36C}"
EndProject
Project("{FAE04EC0-301F-11D3-BF4B-00C04F79EFBC}") = "WebAPI", "WebAPI\WebAPI.csproj", "{699D83EF-DFCD-4AF3-910A-E66443BA2166}"
EndProject
Global
	GlobalSection(SolutionConfigurationPlatforms) = preSolution
		Debug|Any CPU = Debug|Any CPU
		Release|Any CPU = Release|Any CPU
	EndGlobalSection
	GlobalSection(ProjectConfigurationPlatforms) = postSolution
		{05650FC7-D1B3-4F4D-ABEE-CB01A8226FF7}.Debug|Any CPU.ActiveCfg = Debug|Any CPU
		{05650FC7-D1B3-4F4D-ABEE-CB01A8226FF7}.Debug|Any CPU.Build.0 = Debug|Any CPU
		{05650FC7-D1B3-4F4D-ABEE-CB01A8226FF7}.Release|Any CPU.ActiveCfg = Release|Any CPU
		{05650FC7-D1B3-4F4D-ABEE-CB01A8226FF7}.Release|Any CPU.Build.0 = Release|Any CPU
		{B3EA0B1D-3C97-49B0-9EFA-42F1140C31CE}.Debug|Any CPU.ActiveCfg = Debug|Any CPU
		{B3EA0B1D-3C97-49B0-9EFA-42F1140C31CE}.Debug|Any CPU.Build.0 = Debug|Any CPU
		{B3EA0B1D-3C97-49B0-9EFA-42F1140C31CE}.Release|Any CPU.ActiveCfg = Release|Any CPU
		{B3EA0B1D-3C97-49B0-9EFA-42F1140C31CE}.Release|Any CPU.Build.0 = Release|Any CPU
		{F118AA63-FFB8-47EB-B66B-8A4F36E8B274}.Debug|Any CPU.ActiveCfg = Debug|Any CPU
		{F118AA63-FFB8-47EB-B66B-8A4F36E8B274}.Debug|Any CPU.Build.0 = Debug|Any CPU
		{F118AA63-FFB8-47EB-B66B-8A4F36E8B274}.Release|Any CPU.ActiveCfg = Release|Any CPU
		{F118AA63-FFB8-47EB-B66B-8A4F36E8B274}.Release|Any CPU.Build.0 = Release|Any CPU
		{5134C0A5-D8AD-4FA2-84B9-62DB9E2864F0}.Debug|Any CPU.ActiveCfg = Debug|Any CPU
		{5134C0A5-D8AD-4FA2-84B9-62DB9E2864F0}.Debug|Any CPU.Build.0 = Debug|Any CPU
		{5134C0A5-D8AD-4FA2-84B9-62DB9E2864F0}.Release|Any CPU.ActiveCfg = Release|Any CPU
		{5134C0A5-D8AD-4FA2-84B9-62DB9E2864F0}.Release|Any CPU.Build.0 = Release|Any CPU
		{0A4969F7-6FC5-4015-B223-EA293355B36C}.Debug|Any CPU.ActiveCfg = Debug|Any CPU
		{0A4969F7-6FC5-4015-B223-EA293355B36C}.Debug|Any CPU.Build.0 = Debug|Any CPU
		{0A4969F7-6FC5-4015-B223-EA293355B36C}.Release|Any CPU.ActiveCfg = Release|Any CPU
		{0A4969F7-6FC5-4015-B223-EA293355B36C}.Release|Any CPU.Build.0 = Release|Any CPU
		{699D83EF-DFCD-4AF3-910A-E66443BA2166}.Debug|Any CPU.ActiveCfg = Debug|Any CPU
		{699D83EF-DFCD-4AF3-910A-E66443BA2166}.Debug|Any CPU.Build.0 = Debug|Any CPU
		{699D83EF-DFCD-4AF3-910A-E66443BA2166}.Release|Any CPU.ActiveCfg = Release|Any CPU
		{699D83EF-DFCD-4AF3-910A-E66443BA2166}.Release|Any CPU.Build.0 = Release|Any CPU
	EndGlobalSection
	GlobalSection(SolutionProperties) = preSolution
		HideSolutionNode = FALSE
	EndGlobalSection
	GlobalSection(ExtensibilityGlobals) = postSolution
		SolutionGuid = {6A9BE5E9-D50B-4462-B0AE-D9CC5CE006A8}
	EndGlobalSection
EndGlobal
